// !$*UTF8*$!
{
	archiveVersion = 1;
	classes = {
	};
	objectVersion = 46;
	objects = {

/* Begin PBXBuildFile section */
		073A5945190194050094FFAA /* Foundation.framework in Frameworks */ = {isa = PBXBuildFile; fileRef = 073A5944190194050094FFAA /* Foundation.framework */; };
		073A5947190194050094FFAA /* CoreGraphics.framework in Frameworks */ = {isa = PBXBuildFile; fileRef = 073A5946190194050094FFAA /* CoreGraphics.framework */; };
		073A5949190194050094FFAA /* UIKit.framework in Frameworks */ = {isa = PBXBuildFile; fileRef = 073A5948190194050094FFAA /* UIKit.framework */; };
		073A594F190194050094FFAA /* InfoPlist.strings in Resources */ = {isa = PBXBuildFile; fileRef = 073A594D190194050094FFAA /* InfoPlist.strings */; };
		073A5951190194050094FFAA /* main.m in Sources */ = {isa = PBXBuildFile; fileRef = 073A5950190194050094FFAA /* main.m */; };
		073A5955190194050094FFAA /* AppDelegate.m in Sources */ = {isa = PBXBuildFile; fileRef = 073A5954190194050094FFAA /* AppDelegate.m */; };
		073A5958190194050094FFAA /* Main.storyboard in Resources */ = {isa = PBXBuildFile; fileRef = 073A5956190194050094FFAA /* Main.storyboard */; };
		073A595B190194050094FFAA /* ViewController.m in Sources */ = {isa = PBXBuildFile; fileRef = 073A595A190194050094FFAA /* ViewController.m */; };
		073A595D190194050094FFAA /* Images.xcassets in Resources */ = {isa = PBXBuildFile; fileRef = 073A595C190194050094FFAA /* Images.xcassets */; };
		073A5989190194420094FFAA /* libMagicalRecord-iOS.a in Frameworks */ = {isa = PBXBuildFile; fileRef = 073A5982190194180094FFAA /* libMagicalRecord-iOS.a */; };
		073A59941901946C0094FFAA /* libensembles.a in Frameworks */ = {isa = PBXBuildFile; fileRef = 073A5991190194580094FFAA /* libensembles.a */; };
		073A5996190197140094FFAA /* CoreData.framework in Frameworks */ = {isa = PBXBuildFile; fileRef = 073A5995190197140094FFAA /* CoreData.framework */; };
		073A599C19019C290094FFAA /* NumberHolder.m in Sources */ = {isa = PBXBuildFile; fileRef = 073A599B19019C290094FFAA /* NumberHolder.m */; };
		07D71DE01902A3CC00DEEB71 /* Model.xcdatamodeld in Sources */ = {isa = PBXBuildFile; fileRef = 07D71DDE1902A3CC00DEEB71 /* Model.xcdatamodeld */; };
		07D7E56A191126E60086A2AE /* Ensembles.bundle in Resources */ = {isa = PBXBuildFile; fileRef = 07D7E563191125FD0086A2AE /* Ensembles.bundle */; };
/* End PBXBuildFile section */

/* Begin PBXContainerItemProxy section */
		073A5981190194180094FFAA /* PBXContainerItemProxy */ = {
			isa = PBXContainerItemProxy;
			containerPortal = 073A5979190194180094FFAA /* MagicalRecord.xcodeproj */;
			proxyType = 2;
			remoteGlobalIDString = C7CF97AB17498414008D9D13;
			remoteInfo = "libMagicalRecord-iOS";
		};
		073A5983190194180094FFAA /* PBXContainerItemProxy */ = {
			isa = PBXContainerItemProxy;
			containerPortal = 073A5979190194180094FFAA /* MagicalRecord.xcodeproj */;
			proxyType = 2;
			remoteGlobalIDString = C7CF97BB1749843F008D9D13;
			remoteInfo = "libMagicalRecord-OSX";
		};
		073A5985190194180094FFAA /* PBXContainerItemProxy */ = {
			isa = PBXContainerItemProxy;
			containerPortal = 073A5979190194180094FFAA /* MagicalRecord.xcodeproj */;
			proxyType = 2;
			remoteGlobalIDString = C7CF97FF174984CA008D9D13;
			remoteInfo = "MagicalRecordTests-iOS";
		};
		073A5987190194180094FFAA /* PBXContainerItemProxy */ = {
			isa = PBXContainerItemProxy;
			containerPortal = 073A5979190194180094FFAA /* MagicalRecord.xcodeproj */;
			proxyType = 2;
			remoteGlobalIDString = C7CF9816174984E4008D9D13;
			remoteInfo = "MagicalRecordTests-OSX";
		};
		073A5990190194580094FFAA /* PBXContainerItemProxy */ = {
			isa = PBXContainerItemProxy;
			containerPortal = 073A598A190194580094FFAA /* Ensembles iOS.xcodeproj */;
			proxyType = 2;
			remoteGlobalIDString = 07BF374517F184DD00C56F64;
			remoteInfo = "Ensembles iOS";
		};
		073A5992190194580094FFAA /* PBXContainerItemProxy */ = {
			isa = PBXContainerItemProxy;
			containerPortal = 073A598A190194580094FFAA /* Ensembles iOS.xcodeproj */;
			proxyType = 2;
			remoteGlobalIDString = 070D336118018A960054BA23;
			remoteInfo = "Tests iOS";
		};
		07D7E562191125FD0086A2AE /* PBXContainerItemProxy */ = {
			isa = PBXContainerItemProxy;
			containerPortal = 073A598A190194580094FFAA /* Ensembles iOS.xcodeproj */;
			proxyType = 2;
			remoteGlobalIDString = 07571F0F1910EC02008479A9;
			remoteInfo = "Ensembles Resources iOS";
		};
		07D7E5681911266E0086A2AE /* PBXContainerItemProxy */ = {
			isa = PBXContainerItemProxy;
			containerPortal = 073A598A190194580094FFAA /* Ensembles iOS.xcodeproj */;
			proxyType = 1;
			remoteGlobalIDString = 07571F0E1910EC02008479A9;
			remoteInfo = "Ensembles Resources iOS";
		};
/* End PBXContainerItemProxy section */

/* Begin PBXFileReference section */
		073A5941190194050094FFAA /* Magical Record.app */ = {isa = PBXFileReference; explicitFileType = wrapper.application; includeInIndex = 0; path = "Magical Record.app"; sourceTree = BUILT_PRODUCTS_DIR; };
		073A5944190194050094FFAA /* Foundation.framework */ = {isa = PBXFileReference; lastKnownFileType = wrapper.framework; name = Foundation.framework; path = System/Library/Frameworks/Foundation.framework; sourceTree = SDKROOT; };
		073A5946190194050094FFAA /* CoreGraphics.framework */ = {isa = PBXFileReference; lastKnownFileType = wrapper.framework; name = CoreGraphics.framework; path = System/Library/Frameworks/CoreGraphics.framework; sourceTree = SDKROOT; };
		073A5948190194050094FFAA /* UIKit.framework */ = {isa = PBXFileReference; lastKnownFileType = wrapper.framework; name = UIKit.framework; path = System/Library/Frameworks/UIKit.framework; sourceTree = SDKROOT; };
		073A594C190194050094FFAA /* Magical Record-Info.plist */ = {isa = PBXFileReference; lastKnownFileType = text.plist.xml; path = "Magical Record-Info.plist"; sourceTree = "<group>"; };
		073A594E190194050094FFAA /* en */ = {isa = PBXFileReference; lastKnownFileType = text.plist.strings; name = en; path = en.lproj/InfoPlist.strings; sourceTree = "<group>"; };
		073A5950190194050094FFAA /* main.m */ = {isa = PBXFileReference; lastKnownFileType = sourcecode.c.objc; path = main.m; sourceTree = "<group>"; };
		073A5952190194050094FFAA /* Magical Record-Prefix.pch */ = {isa = PBXFileReference; lastKnownFileType = sourcecode.c.h; path = "Magical Record-Prefix.pch"; sourceTree = "<group>"; };
		073A5953190194050094FFAA /* AppDelegate.h */ = {isa = PBXFileReference; lastKnownFileType = sourcecode.c.h; path = AppDelegate.h; sourceTree = "<group>"; };
		073A5954190194050094FFAA /* AppDelegate.m */ = {isa = PBXFileReference; lastKnownFileType = sourcecode.c.objc; path = AppDelegate.m; sourceTree = "<group>"; };
		073A5957190194050094FFAA /* Base */ = {isa = PBXFileReference; lastKnownFileType = file.storyboard; name = Base; path = Base.lproj/Main.storyboard; sourceTree = "<group>"; };
		073A5959190194050094FFAA /* ViewController.h */ = {isa = PBXFileReference; lastKnownFileType = sourcecode.c.h; path = ViewController.h; sourceTree = "<group>"; };
		073A595A190194050094FFAA /* ViewController.m */ = {isa = PBXFileReference; lastKnownFileType = sourcecode.c.objc; path = ViewController.m; sourceTree = "<group>"; };
		073A595C190194050094FFAA /* Images.xcassets */ = {isa = PBXFileReference; lastKnownFileType = folder.assetcatalog; path = Images.xcassets; sourceTree = "<group>"; };
		073A5979190194180094FFAA /* MagicalRecord.xcodeproj */ = {isa = PBXFileReference; lastKnownFileType = "wrapper.pb-project"; name = MagicalRecord.xcodeproj; path = ../../Vendor/MagicalRecord/MagicalRecord.xcodeproj; sourceTree = "<group>"; };
		073A598A190194580094FFAA /* Ensembles iOS.xcodeproj */ = {isa = PBXFileReference; lastKnownFileType = "wrapper.pb-project"; name = "Ensembles iOS.xcodeproj"; path = "../../Framework/Ensembles iOS.xcodeproj"; sourceTree = "<group>"; };
		073A5995190197140094FFAA /* CoreData.framework */ = {isa = PBXFileReference; lastKnownFileType = wrapper.framework; name = CoreData.framework; path = System/Library/Frameworks/CoreData.framework; sourceTree = SDKROOT; };
		073A599A19019C290094FFAA /* NumberHolder.h */ = {isa = PBXFileReference; fileEncoding = 4; lastKnownFileType = sourcecode.c.h; path = NumberHolder.h; sourceTree = "<group>"; };
		073A599B19019C290094FFAA /* NumberHolder.m */ = {isa = PBXFileReference; fileEncoding = 4; lastKnownFileType = sourcecode.c.objc; path = NumberHolder.m; sourceTree = "<group>"; };
		073A59A31901B0810094FFAA /* Magical Record.entitlements */ = {isa = PBXFileReference; lastKnownFileType = text.xml; path = "Magical Record.entitlements"; sourceTree = "<group>"; };
		07D71DDF1902A3CC00DEEB71 /* Model.xcdatamodel */ = {isa = PBXFileReference; lastKnownFileType = wrapper.xcdatamodel; path = Model.xcdatamodel; sourceTree = "<group>"; };
/* End PBXFileReference section */

/* Begin PBXFrameworksBuildPhase section */
		073A593E190194050094FFAA /* Frameworks */ = {
			isa = PBXFrameworksBuildPhase;
			buildActionMask = 2147483647;
			files = (
				073A5996190197140094FFAA /* CoreData.framework in Frameworks */,
				073A59941901946C0094FFAA /* libensembles.a in Frameworks */,
				073A5989190194420094FFAA /* libMagicalRecord-iOS.a in Frameworks */,
				073A5947190194050094FFAA /* CoreGraphics.framework in Frameworks */,
				073A5949190194050094FFAA /* UIKit.framework in Frameworks */,
				073A5945190194050094FFAA /* Foundation.framework in Frameworks */,
			);
			runOnlyForDeploymentPostprocessing = 0;
		};
/* End PBXFrameworksBuildPhase section */

/* Begin PBXGroup section */
		073A5938190194050094FFAA = {
			isa = PBXGroup;
			children = (
				073A598A190194580094FFAA /* Ensembles iOS.xcodeproj */,
				073A5979190194180094FFAA /* MagicalRecord.xcodeproj */,
				073A594A190194050094FFAA /* Magical Record */,
				073A5943190194050094FFAA /* Frameworks */,
				073A5942190194050094FFAA /* Products */,
			);
			sourceTree = "<group>";
		};
		073A5942190194050094FFAA /* Products */ = {
			isa = PBXGroup;
			children = (
				073A5941190194050094FFAA /* Magical Record.app */,
			);
			name = Products;
			sourceTree = "<group>";
		};
		073A5943190194050094FFAA /* Frameworks */ = {
			isa = PBXGroup;
			children = (
				073A5995190197140094FFAA /* CoreData.framework */,
				073A5944190194050094FFAA /* Foundation.framework */,
				073A5946190194050094FFAA /* CoreGraphics.framework */,
				073A5948190194050094FFAA /* UIKit.framework */,
			);
			name = Frameworks;
			sourceTree = "<group>";
		};
		073A594A190194050094FFAA /* Magical Record */ = {
			isa = PBXGroup;
			children = (
				073A59A31901B0810094FFAA /* Magical Record.entitlements */,
				073A5953190194050094FFAA /* AppDelegate.h */,
				073A5954190194050094FFAA /* AppDelegate.m */,
				073A5959190194050094FFAA /* ViewController.h */,
				073A595A190194050094FFAA /* ViewController.m */,
				073A599A19019C290094FFAA /* NumberHolder.h */,
				073A599B19019C290094FFAA /* NumberHolder.m */,
				073A595C190194050094FFAA /* Images.xcassets */,
				073A594B190194050094FFAA /* Supporting Files */,
			);
			path = "Magical Record";
			sourceTree = "<group>";
		};
		073A594B190194050094FFAA /* Supporting Files */ = {
			isa = PBXGroup;
			children = (
				07D71DDE1902A3CC00DEEB71 /* Model.xcdatamodeld */,
				073A5956190194050094FFAA /* Main.storyboard */,
				073A594C190194050094FFAA /* Magical Record-Info.plist */,
				073A594D190194050094FFAA /* InfoPlist.strings */,
				073A5950190194050094FFAA /* main.m */,
				073A5952190194050094FFAA /* Magical Record-Prefix.pch */,
			);
			name = "Supporting Files";
			sourceTree = "<group>";
		};
		073A597A190194180094FFAA /* Products */ = {
			isa = PBXGroup;
			children = (
				073A5982190194180094FFAA /* libMagicalRecord-iOS.a */,
				073A5984190194180094FFAA /* libMagicalRecord-OSX.dylib */,
				073A5986190194180094FFAA /* MagicalRecordTests-iOS.xctest */,
				073A5988190194180094FFAA /* MagicalRecordTests-OSX.xctest */,
			);
			name = Products;
			sourceTree = "<group>";
		};
		073A598B190194580094FFAA /* Products */ = {
			isa = PBXGroup;
			children = (
				073A5991190194580094FFAA /* libensembles.a */,
				07D7E563191125FD0086A2AE /* Ensembles.bundle */,
				073A5993190194580094FFAA /* Tests iOS.xctest */,
			);
			name = Products;
			sourceTree = "<group>";
		};
/* End PBXGroup section */

/* Begin PBXNativeTarget section */
		073A5940190194050094FFAA /* Magical Record */ = {
			isa = PBXNativeTarget;
			buildConfigurationList = 073A5973190194050094FFAA /* Build configuration list for PBXNativeTarget "Magical Record" */;
			buildPhases = (
				073A593D190194050094FFAA /* Sources */,
				073A593E190194050094FFAA /* Frameworks */,
				073A593F190194050094FFAA /* Resources */,
			);
			buildRules = (
			);
			dependencies = (
				07D7E5691911266E0086A2AE /* PBXTargetDependency */,
			);
			name = "Magical Record";
			productName = "Magical Record";
			productReference = 073A5941190194050094FFAA /* Magical Record.app */;
			productType = "com.apple.product-type.application";
		};
/* End PBXNativeTarget section */

/* Begin PBXProject section */
		073A5939190194050094FFAA /* Project object */ = {
			isa = PBXProject;
			attributes = {
				LastUpgradeCheck = 0510;
				ORGANIZATIONNAME = "Drew McCormack";
				TargetAttributes = {
					073A5940190194050094FFAA = {
						DevelopmentTeam = P7BXV6PHLD;
						SystemCapabilities = {
							com.apple.iCloud = {
								enabled = 1;
							};
						};
					};
				};
			};
			buildConfigurationList = 073A593C190194050094FFAA /* Build configuration list for PBXProject "Magical Record" */;
			compatibilityVersion = "Xcode 3.2";
			developmentRegion = English;
			hasScannedForEncodings = 0;
			knownRegions = (
				en,
				Base,
			);
			mainGroup = 073A5938190194050094FFAA;
			productRefGroup = 073A5942190194050094FFAA /* Products */;
			projectDirPath = "";
			projectReferences = (
				{
					ProductGroup = 073A598B190194580094FFAA /* Products */;
					ProjectRef = 073A598A190194580094FFAA /* Ensembles iOS.xcodeproj */;
				},
				{
					ProductGroup = 073A597A190194180094FFAA /* Products */;
					ProjectRef = 073A5979190194180094FFAA /* MagicalRecord.xcodeproj */;
				},
			);
			projectRoot = "";
			targets = (
				073A5940190194050094FFAA /* Magical Record */,
			);
		};
/* End PBXProject section */

/* Begin PBXReferenceProxy section */
		073A5982190194180094FFAA /* libMagicalRecord-iOS.a */ = {
			isa = PBXReferenceProxy;
			fileType = archive.ar;
			path = "libMagicalRecord-iOS.a";
			remoteRef = 073A5981190194180094FFAA /* PBXContainerItemProxy */;
			sourceTree = BUILT_PRODUCTS_DIR;
		};
		073A5984190194180094FFAA /* libMagicalRecord-OSX.dylib */ = {
			isa = PBXReferenceProxy;
			fileType = "compiled.mach-o.dylib";
			path = "libMagicalRecord-OSX.dylib";
			remoteRef = 073A5983190194180094FFAA /* PBXContainerItemProxy */;
			sourceTree = BUILT_PRODUCTS_DIR;
		};
		073A5986190194180094FFAA /* MagicalRecordTests-iOS.xctest */ = {
			isa = PBXReferenceProxy;
			fileType = wrapper.cfbundle;
			path = "MagicalRecordTests-iOS.xctest";
			remoteRef = 073A5985190194180094FFAA /* PBXContainerItemProxy */;
			sourceTree = BUILT_PRODUCTS_DIR;
		};
		073A5988190194180094FFAA /* MagicalRecordTests-OSX.xctest */ = {
			isa = PBXReferenceProxy;
			fileType = wrapper.cfbundle;
			path = "MagicalRecordTests-OSX.xctest";
			remoteRef = 073A5987190194180094FFAA /* PBXContainerItemProxy */;
			sourceTree = BUILT_PRODUCTS_DIR;
		};
		073A5991190194580094FFAA /* libensembles.a */ = {
			isa = PBXReferenceProxy;
			fileType = archive.ar;
			path = libensembles.a;
			remoteRef = 073A5990190194580094FFAA /* PBXContainerItemProxy */;
			sourceTree = BUILT_PRODUCTS_DIR;
		};
		073A5993190194580094FFAA /* Tests iOS.xctest */ = {
			isa = PBXReferenceProxy;
			fileType = wrapper.cfbundle;
			path = "Tests iOS.xctest";
			remoteRef = 073A5992190194580094FFAA /* PBXContainerItemProxy */;
			sourceTree = BUILT_PRODUCTS_DIR;
		};
		07D7E563191125FD0086A2AE /* Ensembles.bundle */ = {
			isa = PBXReferenceProxy;
			fileType = wrapper.cfbundle;
			path = Ensembles.bundle;
			remoteRef = 07D7E562191125FD0086A2AE /* PBXContainerItemProxy */;
			sourceTree = BUILT_PRODUCTS_DIR;
		};
/* End PBXReferenceProxy section */

/* Begin PBXResourcesBuildPhase section */
		073A593F190194050094FFAA /* Resources */ = {
			isa = PBXResourcesBuildPhase;
			buildActionMask = 2147483647;
			files = (
				073A595D190194050094FFAA /* Images.xcassets in Resources */,
				073A594F190194050094FFAA /* InfoPlist.strings in Resources */,
				073A5958190194050094FFAA /* Main.storyboard in Resources */,
				07D7E56A191126E60086A2AE /* Ensembles.bundle in Resources */,
			);
			runOnlyForDeploymentPostprocessing = 0;
		};
/* End PBXResourcesBuildPhase section */

/* Begin PBXSourcesBuildPhase section */
		073A593D190194050094FFAA /* Sources */ = {
			isa = PBXSourcesBuildPhase;
			buildActionMask = 2147483647;
			files = (
				073A599C19019C290094FFAA /* NumberHolder.m in Sources */,
				073A595B190194050094FFAA /* ViewController.m in Sources */,
				073A5955190194050094FFAA /* AppDelegate.m in Sources */,
				073A5951190194050094FFAA /* main.m in Sources */,
				07D71DE01902A3CC00DEEB71 /* Model.xcdatamodeld in Sources */,
			);
			runOnlyForDeploymentPostprocessing = 0;
		};
/* End PBXSourcesBuildPhase section */

/* Begin PBXTargetDependency section */
		07D7E5691911266E0086A2AE /* PBXTargetDependency */ = {
			isa = PBXTargetDependency;
			name = "Ensembles Resources iOS";
			targetProxy = 07D7E5681911266E0086A2AE /* PBXContainerItemProxy */;
		};
/* End PBXTargetDependency section */

/* Begin PBXVariantGroup section */
		073A594D190194050094FFAA /* InfoPlist.strings */ = {
			isa = PBXVariantGroup;
			children = (
				073A594E190194050094FFAA /* en */,
			);
			name = InfoPlist.strings;
			sourceTree = "<group>";
		};
		073A5956190194050094FFAA /* Main.storyboard */ = {
			isa = PBXVariantGroup;
			children = (
				073A5957190194050094FFAA /* Base */,
			);
			name = Main.storyboard;
			sourceTree = "<group>";
		};
/* End PBXVariantGroup section */

/* Begin XCBuildConfiguration section */
		073A5971190194050094FFAA /* Debug */ = {
			isa = XCBuildConfiguration;
			buildSettings = {
				ALWAYS_SEARCH_USER_PATHS = NO;
				CLANG_CXX_LANGUAGE_STANDARD = "gnu++0x";
				CLANG_CXX_LIBRARY = "libc++";
				CLANG_ENABLE_MODULES = YES;
				CLANG_ENABLE_OBJC_ARC = YES;
				CLANG_WARN_BOOL_CONVERSION = YES;
				CLANG_WARN_CONSTANT_CONVERSION = YES;
				CLANG_WARN_DIRECT_OBJC_ISA_USAGE = YES_ERROR;
				CLANG_WARN_EMPTY_BODY = YES;
				CLANG_WARN_ENUM_CONVERSION = YES;
				CLANG_WARN_INT_CONVERSION = YES;
				CLANG_WARN_OBJC_ROOT_CLASS = YES_ERROR;
				CLANG_WARN__DUPLICATE_METHOD_MATCH = YES;
				"CODE_SIGN_IDENTITY[sdk=iphoneos*]" = "iPhone Developer";
				COPY_PHASE_STRIP = NO;
				GCC_C_LANGUAGE_STANDARD = gnu99;
				GCC_DYNAMIC_NO_PIC = NO;
				GCC_OPTIMIZATION_LEVEL = 0;
				GCC_PREPROCESSOR_DEFINITIONS = (
					"DEBUG=1",
					"$(inherited)",
				);
				GCC_SYMBOLS_PRIVATE_EXTERN = NO;
				GCC_WARN_64_TO_32_BIT_CONVERSION = YES;
				GCC_WARN_ABOUT_RETURN_TYPE = YES_ERROR;
				GCC_WARN_UNDECLARED_SELECTOR = YES;
				GCC_WARN_UNINITIALIZED_AUTOS = YES_AGGRESSIVE;
				GCC_WARN_UNUSED_FUNCTION = YES;
				GCC_WARN_UNUSED_VARIABLE = YES;
				IPHONEOS_DEPLOYMENT_TARGET = 7.1;
				ONLY_ACTIVE_ARCH = YES;
				SDKROOT = iphoneos;
			};
			name = Debug;
		};
		073A5972190194050094FFAA /* Release */ = {
			isa = XCBuildConfiguration;
			buildSettings = {
				ALWAYS_SEARCH_USER_PATHS = NO;
				CLANG_CXX_LANGUAGE_STANDARD = "gnu++0x";
				CLANG_CXX_LIBRARY = "libc++";
				CLANG_ENABLE_MODULES = YES;
				CLANG_ENABLE_OBJC_ARC = YES;
				CLANG_WARN_BOOL_CONVERSION = YES;
				CLANG_WARN_CONSTANT_CONVERSION = YES;
				CLANG_WARN_DIRECT_OBJC_ISA_USAGE = YES_ERROR;
				CLANG_WARN_EMPTY_BODY = YES;
				CLANG_WARN_ENUM_CONVERSION = YES;
				CLANG_WARN_INT_CONVERSION = YES;
				CLANG_WARN_OBJC_ROOT_CLASS = YES_ERROR;
				CLANG_WARN__DUPLICATE_METHOD_MATCH = YES;
				"CODE_SIGN_IDENTITY[sdk=iphoneos*]" = "iPhone Developer";
				COPY_PHASE_STRIP = YES;
				ENABLE_NS_ASSERTIONS = NO;
				GCC_C_LANGUAGE_STANDARD = gnu99;
				GCC_WARN_64_TO_32_BIT_CONVERSION = YES;
				GCC_WARN_ABOUT_RETURN_TYPE = YES_ERROR;
				GCC_WARN_UNDECLARED_SELECTOR = YES;
				GCC_WARN_UNINITIALIZED_AUTOS = YES_AGGRESSIVE;
				GCC_WARN_UNUSED_FUNCTION = YES;
				GCC_WARN_UNUSED_VARIABLE = YES;
				IPHONEOS_DEPLOYMENT_TARGET = 7.1;
				SDKROOT = iphoneos;
				VALIDATE_PRODUCT = YES;
			};
			name = Release;
		};
		073A5974190194050094FFAA /* Debug */ = {
			isa = XCBuildConfiguration;
			buildSettings = {
				ASSETCATALOG_COMPILER_APPICON_NAME = AppIcon;
				ASSETCATALOG_COMPILER_LAUNCHIMAGE_NAME = LaunchImage;
				CODE_SIGN_ENTITLEMENTS = "Magical Record/Magical Record.entitlements";
				GCC_PRECOMPILE_PREFIX_HEADER = YES;
				GCC_PREFIX_HEADER = "Magical Record/Magical Record-Prefix.pch";
				HEADER_SEARCH_PATHS = (
					"$(inherited)",
					/Applications/Xcode.app/Contents/Developer/Toolchains/XcodeDefault.xctoolchain/usr/include,
					"$(SRCROOT)/../../Vendor/MagicalRecord/MagicalRecord/**",
					"$(SRCROOT)/../../Framework/**",
				);
				INFOPLIST_FILE = "Magical Record/Magical Record-Info.plist";
				OTHER_LDFLAGS = "-ObjC";
				PRODUCT_NAME = "$(TARGET_NAME)";
				WRAPPER_EXTENSION = app;
			};
			name = Debug;
		};
		073A5975190194050094FFAA /* Release */ = {
			isa = XCBuildConfiguration;
			buildSettings = {
				ASSETCATALOG_COMPILER_APPICON_NAME = AppIcon;
				ASSETCATALOG_COMPILER_LAUNCHIMAGE_NAME = LaunchImage;
				CODE_SIGN_ENTITLEMENTS = "Magical Record/Magical Record.entitlements";
				GCC_PRECOMPILE_PREFIX_HEADER = YES;
				GCC_PREFIX_HEADER = "Magical Record/Magical Record-Prefix.pch";
				HEADER_SEARCH_PATHS = (
					"$(inherited)",
					/Applications/Xcode.app/Contents/Developer/Toolchains/XcodeDefault.xctoolchain/usr/include,
					"$(SRCROOT)/../../Vendor/MagicalRecord/MagicalRecord/**",
					"$(SRCROOT)/../../Framework/**",
				);
				INFOPLIST_FILE = "Magical Record/Magical Record-Info.plist";
				OTHER_LDFLAGS = "-ObjC";
				PRODUCT_NAME = "$(TARGET_NAME)";
				WRAPPER_EXTENSION = app;
			};
			name = Release;
		};
/* End XCBuildConfiguration section */

/* Begin XCConfigurationList section */
		073A593C190194050094FFAA /* Build configuration list for PBXProject "Magical Record" */ = {
			isa = XCConfigurationList;
			buildConfigurations = (
				073A5971190194050094FFAA /* Debug */,
				073A5972190194050094FFAA /* Release */,
			);
			defaultConfigurationIsVisible = 0;
			defaultConfigurationName = Release;
		};
		073A5973190194050094FFAA /* Build configuration list for PBXNativeTarget "Magical Record" */ = {
			isa = XCConfigurationList;
			buildConfigurations = (
				073A5974190194050094FFAA /* Debug */,
				073A5975190194050094FFAA /* Release */,
			);
			defaultConfigurationIsVisible = 0;
			defaultConfigurationName = Release;
		};
/* End XCConfigurationList section */

/* Begin XCVersionGroup section */
		07D71DDE1902A3CC00DEEB71 /* Model.xcdatamodeld */ = {
			isa = XCVersionGroup;
			children = (
				07D71DDF1902A3CC00DEEB71 /* Model.xcdatamodel */,
			);
			currentVersion = 07D71DDF1902A3CC00DEEB71 /* Model.xcdatamodel */;
			path = Model.xcdatamodeld;
			sourceTree = "<group>";
			versionGroupType = wrapper.xcdatamodel;
		};
/* End XCVersionGroup section */
	};
	rootObject = 073A5939190194050094FFAA /* Project object */;
}
